
Microsoft Visual Studio Solution File, Format Version 12.00
# Visual Studio Version 17
VisualStudioVersion = 17.6.33712.159
MinimumVisualStudioVersion = 10.0.40219.1
Project("{9A19103F-16F7-4668-BE54-9A1E7A4F7556}") = "ConsoleApp1", "ConsoleApp1\ConsoleApp1.csproj", "{760CB70A-C524-4F78-9AE3-A94118195334}"
EndProject
Project("{2150E333-8FDC-42A3-9474-1A3956D46DE8}") = "解决方案项", "解决方案项", "{DC2B2903-AB9D-4A05-97C4-7D80A37DEFCA}"
	ProjectSection(SolutionItems) = preProject
		ConsoleApp1\Class1.cs = ConsoleApp1\Class1.cs
	EndProjectSection
EndProject
Project("{9A19103F-16F7-4668-BE54-9A1E7A4F7556}") = "ConsoleApp2", "ConsoleApp2\ConsoleApp2.csproj", "{DC2C305D-D2C0-4987-84B1-2CD91E21574B}"
EndProject
Project("{9A19103F-16F7-4668-BE54-9A1E7A4F7556}") = "Test4Any", "Test4Any\Test4Any.csproj", "{F88860F0-CBE7-4E83-A8DD-54922EAF9CBF}"
EndProject
Project("{9A19103F-16F7-4668-BE54-9A1E7A4F7556}") = "WpfApp2", "WpfApp2\WpfApp2.csproj", "{F7DFF2A0-E081-4DF9-B3C1-91788C9F76D7}"
EndProject
Project("{9A19103F-16F7-4668-BE54-9A1E7A4F7556}") = "HelixTest", "HelixTest\HelixTest.csproj", "{A73B757A-D35B-4181-8094-64D597D8CDF5}"
EndProject
Project("{9A19103F-16F7-4668-BE54-9A1E7A4F7556}") = "HelixDemo", "HelixDemo\HelixDemo.csproj", "{1B035FC7-3EF7-4EA6-81FE-460AC1942401}"
EndProject
Project("{9A19103F-16F7-4668-BE54-9A1E7A4F7556}") = "WpfApp4", "WpfApp4\WpfApp4.csproj", "{4AC283E9-8992-4290-8053-CFC83C692E0C}"
EndProject
Project("{9A19103F-16F7-4668-BE54-9A1E7A4F7556}") = "Hodgepodge", "Hodgepodge\Hodgepodge.csproj", "{C38823EB-08F3-4B8C-9C5A-E9A295589B8C}"
EndProject
Project("{9A19103F-16F7-4668-BE54-9A1E7A4F7556}") = "ScatterPlot_CanvasTest", "ScatterPlot_CanvasTest\ScatterPlot_CanvasTest.csproj", "{6CC2DFA3-9ED1-46C7-ACDE-F6356E100DD2}"
EndProject
Project("{9A19103F-16F7-4668-BE54-9A1E7A4F7556}") = "ScrollerViewer_test", "ScrollerViewer_test\ScrollerViewer_test.csproj", "{1AAAEACC-952D-4A3C-A588-75D16625C575}"
EndProject
Project("{FAE04EC0-301F-11D3-BF4B-00C04F79EFBC}") = "Multi_Grids", "Multi_Grids\Multi_Grids.csproj", "{FFA8B78B-BBA9-4F94-BF0C-E6B86AD2EEC9}"
EndProject
Project("{FAE04EC0-301F-11D3-BF4B-00C04F79EFBC}") = "Binding_test", "Binding_test\Binding_test.csproj", "{65796720-5157-4FEC-9270-6568499856BA}"
EndProject
Global
	GlobalSection(SolutionConfigurationPlatforms) = preSolution
		Debug|Any CPU = Debug|Any CPU
		Release|Any CPU = Release|Any CPU
	EndGlobalSection
	GlobalSection(ProjectConfigurationPlatforms) = postSolution
		{760CB70A-C524-4F78-9AE3-A94118195334}.Debug|Any CPU.ActiveCfg = Debug|Any CPU
		{760CB70A-C524-4F78-9AE3-A94118195334}.Debug|Any CPU.Build.0 = Debug|Any CPU
		{760CB70A-C524-4F78-9AE3-A94118195334}.Release|Any CPU.ActiveCfg = Release|Any CPU
		{760CB70A-C524-4F78-9AE3-A94118195334}.Release|Any CPU.Build.0 = Release|Any CPU
		{DC2C305D-D2C0-4987-84B1-2CD91E21574B}.Debug|Any CPU.ActiveCfg = Debug|Any CPU
		{DC2C305D-D2C0-4987-84B1-2CD91E21574B}.Debug|Any CPU.Build.0 = Debug|Any CPU
		{DC2C305D-D2C0-4987-84B1-2CD91E21574B}.Release|Any CPU.ActiveCfg = Release|Any CPU
		{DC2C305D-D2C0-4987-84B1-2CD91E21574B}.Release|Any CPU.Build.0 = Release|Any CPU
		{F88860F0-CBE7-4E83-A8DD-54922EAF9CBF}.Debug|Any CPU.ActiveCfg = Debug|Any CPU
		{F88860F0-CBE7-4E83-A8DD-54922EAF9CBF}.Debug|Any CPU.Build.0 = Debug|Any CPU
		{F88860F0-CBE7-4E83-A8DD-54922EAF9CBF}.Release|Any CPU.ActiveCfg = Release|Any CPU
		{F88860F0-CBE7-4E83-A8DD-54922EAF9CBF}.Release|Any CPU.Build.0 = Release|Any CPU
		{F7DFF2A0-E081-4DF9-B3C1-91788C9F76D7}.Debug|Any CPU.ActiveCfg = Debug|Any CPU
		{F7DFF2A0-E081-4DF9-B3C1-91788C9F76D7}.Debug|Any CPU.Build.0 = Debug|Any CPU
		{F7DFF2A0-E081-4DF9-B3C1-91788C9F76D7}.Release|Any CPU.ActiveCfg = Release|Any CPU
		{F7DFF2A0-E081-4DF9-B3C1-91788C9F76D7}.Release|Any CPU.Build.0 = Release|Any CPU
		{A73B757A-D35B-4181-8094-64D597D8CDF5}.Debug|Any CPU.ActiveCfg = Debug|Any CPU
		{A73B757A-D35B-4181-8094-64D597D8CDF5}.Debug|Any CPU.Build.0 = Debug|Any CPU
		{A73B757A-D35B-4181-8094-64D597D8CDF5}.Release|Any CPU.ActiveCfg = Release|Any CPU
		{A73B757A-D35B-4181-8094-64D597D8CDF5}.Release|Any CPU.Build.0 = Release|Any CPU
		{1B035FC7-3EF7-4EA6-81FE-460AC1942401}.Debug|Any CPU.ActiveCfg = Debug|Any CPU
		{1B035FC7-3EF7-4EA6-81FE-460AC1942401}.Debug|Any CPU.Build.0 = Debug|Any CPU
		{1B035FC7-3EF7-4EA6-81FE-460AC1942401}.Release|Any CPU.ActiveCfg = Release|Any CPU
		{1B035FC7-3EF7-4EA6-81FE-460AC1942401}.Release|Any CPU.Build.0 = Release|Any CPU
		{4AC283E9-8992-4290-8053-CFC83C692E0C}.Debug|Any CPU.ActiveCfg = Debug|Any CPU
		{4AC283E9-8992-4290-8053-CFC83C692E0C}.Debug|Any CPU.Build.0 = Debug|Any CPU
		{4AC283E9-8992-4290-8053-CFC83C692E0C}.Release|Any CPU.ActiveCfg = Release|Any CPU
		{4AC283E9-8992-4290-8053-CFC83C692E0C}.Release|Any CPU.Build.0 = Release|Any CPU
		{C38823EB-08F3-4B8C-9C5A-E9A295589B8C}.Debug|Any CPU.ActiveCfg = Debug|Any CPU
		{C38823EB-08F3-4B8C-9C5A-E9A295589B8C}.Debug|Any CPU.Build.0 = Debug|Any CPU
		{C38823EB-08F3-4B8C-9C5A-E9A295589B8C}.Release|Any CPU.ActiveCfg = Release|Any CPU
		{C38823EB-08F3-4B8C-9C5A-E9A295589B8C}.Release|Any CPU.Build.0 = Release|Any CPU
		{6CC2DFA3-9ED1-46C7-ACDE-F6356E100DD2}.Debug|Any CPU.ActiveCfg = Debug|Any CPU
		{6CC2DFA3-9ED1-46C7-ACDE-F6356E100DD2}.Debug|Any CPU.Build.0 = Debug|Any CPU
		{6CC2DFA3-9ED1-46C7-ACDE-F6356E100DD2}.Release|Any CPU.ActiveCfg = Release|Any CPU
		{6CC2DFA3-9ED1-46C7-ACDE-F6356E100DD2}.Release|Any CPU.Build.0 = Release|Any CPU
		{1AAAEACC-952D-4A3C-A588-75D16625C575}.Debug|Any CPU.ActiveCfg = Debug|Any CPU
		{1AAAEACC-952D-4A3C-A588-75D16625C575}.Debug|Any CPU.Build.0 = Debug|Any CPU
		{1AAAEACC-952D-4A3C-A588-75D16625C575}.Release|Any CPU.ActiveCfg = Release|Any CPU
		{1AAAEACC-952D-4A3C-A588-75D16625C575}.Release|Any CPU.Build.0 = Release|Any CPU
		{FFA8B78B-BBA9-4F94-BF0C-E6B86AD2EEC9}.Debug|Any CPU.ActiveCfg = Debug|Any CPU
		{FFA8B78B-BBA9-4F94-BF0C-E6B86AD2EEC9}.Debug|Any CPU.Build.0 = Debug|Any CPU
		{FFA8B78B-BBA9-4F94-BF0C-E6B86AD2EEC9}.Release|Any CPU.ActiveCfg = Release|Any CPU
		{FFA8B78B-BBA9-4F94-BF0C-E6B86AD2EEC9}.Release|Any CPU.Build.0 = Release|Any CPU
		{65796720-5157-4FEC-9270-6568499856BA}.Debug|Any CPU.ActiveCfg = Debug|Any CPU
		{65796720-5157-4FEC-9270-6568499856BA}.Debug|Any CPU.Build.0 = Debug|Any CPU
		{65796720-5157-4FEC-9270-6568499856BA}.Release|Any CPU.ActiveCfg = Release|Any CPU
		{65796720-5157-4FEC-9270-6568499856BA}.Release|Any CPU.Build.0 = Release|Any CPU
	EndGlobalSection
	GlobalSection(SolutionProperties) = preSolution
		HideSolutionNode = FALSE
	EndGlobalSection
	GlobalSection(ExtensibilityGlobals) = postSolution
		SolutionGuid = {8DDA5FD3-EEE7-4B74-AA41-E0FF1030D607}
	EndGlobalSection
EndGlobal
